PODS:
  - AFNetworking (3.1.0):
    - AFNetworking/NSURLSession (= 3.1.0)
    - AFNetworking/Reachability (= 3.1.0)
    - AFNetworking/Security (= 3.1.0)
    - AFNetworking/Serialization (= 3.1.0)
    - AFNetworking/UIKit (= 3.1.0)
  - AFNetworking/NSURLSession (3.1.0):
    - AFNetworking/Reachability
    - AFNetworking/Security
    - AFNetworking/Serialization
  - AFNetworking/Reachability (3.1.0)
  - AFNetworking/Security (3.1.0)
  - AFNetworking/Serialization (3.1.0)
  - AFNetworking/UIKit (3.1.0):
    - AFNetworking/NSURLSession
  - BSGMetrics (0.1.0):
    - AFNetworking
    - FCModel
  - BSGUtilities (0.4.1):
    - MMMarkdown (~> 0.3)
  - Expecta (1.0.5)
  - FCModel (0.9.0):
    - FMDB (~> 2.1)
  - FMDB (2.6.2):
    - FMDB/standard (= 2.6.2)
  - FMDB/standard (2.6.2)
  - MMMarkdown (0.5.4)
  - Specta (1.0.5)

DEPENDENCIES:
  - BSGMetrics (from `../`)
  - BSGUtilities (from `https://github.com/Bootstragram/BSGUtilities.git`)
  - Expecta
  - Specta

EXTERNAL SOURCES:
  BSGMetrics:
    :path: "../"
  BSGUtilities:
    :git: https://github.com/Bootstragram/BSGUtilities.git

CHECKOUT OPTIONS:
  BSGUtilities:
    :commit: ee3b40164bc505452daf22505c73f058fe3c4b8a
    :git: https://github.com/Bootstragram/BSGUtilities.git

SPEC CHECKSUMS:
  AFNetworking: 5e0e199f73d8626b11e79750991f5d173d1f8b67
  BSGMetrics: bb01003c163a6de7ef2ad496db7e85e77e479788
  BSGUtilities: 09b3a1877a3de110694db88469ccc0e25b048100
  Expecta: e1c022fcd33910b6be89c291d2775b3fe27a89fe
  FCModel: 04bb289914e67f2275cb17fda869131a3529c1a5
  FMDB: 854a0341b4726e53276f2a8996f06f1b80f9259a
  MMMarkdown: 754f9154136d224178f51f2b2ba67a66a89d96ea
  Specta: ac94d110b865115fe60ff2c6d7281053c6f8e8a2

PODFILE CHECKSUM: 15fb4c4f23b21638091eb5f53da5862b3752f377

COCOAPODS: 1.0.0
